
Microsoft Visual Studio Solution File, Format Version 12.00
# Visual Studio 15
VisualStudioVersion = 15.0.27703.2026
MinimumVisualStudioVersion = 10.0.40219.1
Project("{FAE04EC0-301F-11D3-BF4B-00C04F79EFBC}") = "Diplom", "Diplom\Diplom.csproj", "{90D46DBD-55C8-4B31-B5AF-3BDD8C3F2D0E}"
EndProject
Global
	GlobalSection(SolutionConfigurationPlatforms) = preSolution
		Debug|Any CPU = Debug|Any CPU
		Release|Any CPU = Release|Any CPU
	EndGlobalSection
	GlobalSection(ProjectConfigurationPlatforms) = postSolution
		{90D46DBD-55C8-4B31-B5AF-3BDD8C3F2D0E}.Debug|Any CPU.ActiveCfg = Debug|Any CPU
		{90D46DBD-55C8-4B31-B5AF-3BDD8C3F2D0E}.Debug|Any CPU.Build.0 = Debug|Any CPU
		{90D46DBD-55C8-4B31-B5AF-3BDD8C3F2D0E}.Release|Any CPU.ActiveCfg = Release|Any CPU
		{90D46DBD-55C8-4B31-B5AF-3BDD8C3F2D0E}.Release|Any CPU.Build.0 = Release|Any CPU
	EndGlobalSection
	GlobalSection(SolutionProperties) = preSolution
		HideSolutionNode = FALSE
	EndGlobalSection
	GlobalSection(ExtensibilityGlobals) = postSolution
		SolutionGuid = {4A48E6FD-7374-4082-BC4D-BA1F5652C2E8}
	EndGlobalSection
EndGlobal
